
Microsoft Visual Studio Solution File, Format Version 12.00
# Visual Studio 15
VisualStudioVersion = 15.0.28307.271
MinimumVisualStudioVersion = 10.0.40219.1
Project("{FAE04EC0-301F-11D3-BF4B-00C04F79EFBC}") = "Checkout_Dev", "Checkout_Dev\Checkout_Dev.csproj", "{5C24018A-23BD-40C1-BE65-55E80042031B}"
EndProject
Global
	GlobalSection(SolutionConfigurationPlatforms) = preSolution
		Debug|Any CPU = Debug|Any CPU
		Release|Any CPU = Release|Any CPU
	EndGlobalSection
	GlobalSection(ProjectConfigurationPlatforms) = postSolution
		{5C24018A-23BD-40C1-BE65-55E80042031B}.Debug|Any CPU.ActiveCfg = Debug|Any CPU
		{5C24018A-23BD-40C1-BE65-55E80042031B}.Debug|Any CPU.Build.0 = Debug|Any CPU
		{5C24018A-23BD-40C1-BE65-55E80042031B}.Release|Any CPU.ActiveCfg = Release|Any CPU
		{5C24018A-23BD-40C1-BE65-55E80042031B}.Release|Any CPU.Build.0 = Release|Any CPU
	EndGlobalSection
	GlobalSection(SolutionProperties) = preSolution
		HideSolutionNode = FALSE
	EndGlobalSection
	GlobalSection(ExtensibilityGlobals) = postSolution
		SolutionGuid = {E82F8529-13FC-407E-97A6-68F205184DD0}
	EndGlobalSection
EndGlobal
